
Microsoft Visual Studio Solution File, Format Version 12.00
# Visual Studio Version 17
VisualStudioVersion = 17.2.32630.192
MinimumVisualStudioVersion = 10.0.40219.1
Project("{FAE04EC0-301F-11D3-BF4B-00C04F79EFBC}") = "Aula04Q01", "Aula04Q01.csproj", "{BDDDDB1E-EE01-4785-A5AC-2BE6451AE6C2}"
EndProject
Global
	GlobalSection(SolutionConfigurationPlatforms) = preSolution
		Debug|Any CPU = Debug|Any CPU
		Release|Any CPU = Release|Any CPU
	EndGlobalSection
	GlobalSection(ProjectConfigurationPlatforms) = postSolution
		{BDDDDB1E-EE01-4785-A5AC-2BE6451AE6C2}.Debug|Any CPU.ActiveCfg = Debug|Any CPU
		{BDDDDB1E-EE01-4785-A5AC-2BE6451AE6C2}.Debug|Any CPU.Build.0 = Debug|Any CPU
		{BDDDDB1E-EE01-4785-A5AC-2BE6451AE6C2}.Release|Any CPU.ActiveCfg = Release|Any CPU
		{BDDDDB1E-EE01-4785-A5AC-2BE6451AE6C2}.Release|Any CPU.Build.0 = Release|Any CPU
	EndGlobalSection
	GlobalSection(SolutionProperties) = preSolution
		HideSolutionNode = FALSE
	EndGlobalSection
	GlobalSection(ExtensibilityGlobals) = postSolution
		SolutionGuid = {F51A750B-D8E3-4C1F-B911-4B80183737E6}
	EndGlobalSection
EndGlobal
