
Microsoft Visual Studio Solution File, Format Version 12.00
# Visual Studio Version 17
VisualStudioVersion = 17.2.32630.192
MinimumVisualStudioVersion = 10.0.40219.1
Project("{FAE04EC0-301F-11D3-BF4B-00C04F79EFBC}") = "PrimeiroTeste", "PrimeiroTeste\PrimeiroTeste.csproj", "{C549D842-26F1-4DCE-8BBF-74CA62A18EFE}"
EndProject
Global
	GlobalSection(SolutionConfigurationPlatforms) = preSolution
		Debug|Any CPU = Debug|Any CPU
		Release|Any CPU = Release|Any CPU
	EndGlobalSection
	GlobalSection(ProjectConfigurationPlatforms) = postSolution
		{C549D842-26F1-4DCE-8BBF-74CA62A18EFE}.Debug|Any CPU.ActiveCfg = Debug|Any CPU
		{C549D842-26F1-4DCE-8BBF-74CA62A18EFE}.Debug|Any CPU.Build.0 = Debug|Any CPU
		{C549D842-26F1-4DCE-8BBF-74CA62A18EFE}.Release|Any CPU.ActiveCfg = Release|Any CPU
		{C549D842-26F1-4DCE-8BBF-74CA62A18EFE}.Release|Any CPU.Build.0 = Release|Any CPU
	EndGlobalSection
	GlobalSection(SolutionProperties) = preSolution
		HideSolutionNode = FALSE
	EndGlobalSection
	GlobalSection(ExtensibilityGlobals) = postSolution
		SolutionGuid = {480CCFC7-02C4-4581-AB1E-35DB1619E582}
	EndGlobalSection
EndGlobal
